
Microsoft Visual Studio Solution File, Format Version 12.00
# Visual Studio Version 16
VisualStudioVersion = 16.0.31702.278
MinimumVisualStudioVersion = 10.0.40219.1
Project("{FAE04EC0-301F-11D3-BF4B-00C04F79EFBC}") = "EscrituraByte", "EscrituraByte.csproj", "{538BB95F-AF11-499E-A1E4-349DA592374F}"
EndProject
Global
	GlobalSection(SolutionConfigurationPlatforms) = preSolution
		Debug|Any CPU = Debug|Any CPU
		Release|Any CPU = Release|Any CPU
	EndGlobalSection
	GlobalSection(ProjectConfigurationPlatforms) = postSolution
		{538BB95F-AF11-499E-A1E4-349DA592374F}.Debug|Any CPU.ActiveCfg = Debug|Any CPU
		{538BB95F-AF11-499E-A1E4-349DA592374F}.Debug|Any CPU.Build.0 = Debug|Any CPU
		{538BB95F-AF11-499E-A1E4-349DA592374F}.Release|Any CPU.ActiveCfg = Release|Any CPU
		{538BB95F-AF11-499E-A1E4-349DA592374F}.Release|Any CPU.Build.0 = Release|Any CPU
	EndGlobalSection
	GlobalSection(SolutionProperties) = preSolution
		HideSolutionNode = FALSE
	EndGlobalSection
	GlobalSection(ExtensibilityGlobals) = postSolution
		SolutionGuid = {4575CD34-BCB0-465C-8E6E-DA42C7B2B0F8}
	EndGlobalSection
EndGlobal
